
Microsoft Visual Studio Solution File, Format Version 12.00
# Visual Studio Version 17
VisualStudioVersion = 17.13.35825.156 d17.13
MinimumVisualStudioVersion = 10.0.40219.1
Project("{FAE04EC0-301F-11D3-BF4B-00C04F79EFBC}") = "FreshVeggies.Client", "FreshVeggies.Client\FreshVeggies.Client.csproj", "{6F5DE61B-71A9-4E91-A1E3-D889CB9D73A5}"
EndProject
Project("{FAE04EC0-301F-11D3-BF4B-00C04F79EFBC}") = "FreshVeggies.Api", "FreshVeggies.Api\FreshVeggies.Api.csproj", "{34604676-CE4A-456D-8009-FA70EA892899}"
EndProject
Project("{FAE04EC0-301F-11D3-BF4B-00C04F79EFBC}") = "FreshVeggies.Shared", "FreshVeggies.Shared\FreshVeggies.Shared.csproj", "{031C5E1E-E615-4DA7-B7FC-0755824D7752}"
EndProject
Global
	GlobalSection(SolutionConfigurationPlatforms) = preSolution
		Debug|Any CPU = Debug|Any CPU
		Release|Any CPU = Release|Any CPU
	EndGlobalSection
	GlobalSection(ProjectConfigurationPlatforms) = postSolution
		{6F5DE61B-71A9-4E91-A1E3-D889CB9D73A5}.Debug|Any CPU.ActiveCfg = Debug|Any CPU
		{6F5DE61B-71A9-4E91-A1E3-D889CB9D73A5}.Debug|Any CPU.Build.0 = Debug|Any CPU
		{6F5DE61B-71A9-4E91-A1E3-D889CB9D73A5}.Debug|Any CPU.Deploy.0 = Debug|Any CPU
		{6F5DE61B-71A9-4E91-A1E3-D889CB9D73A5}.Release|Any CPU.ActiveCfg = Release|Any CPU
		{6F5DE61B-71A9-4E91-A1E3-D889CB9D73A5}.Release|Any CPU.Build.0 = Release|Any CPU
		{34604676-CE4A-456D-8009-FA70EA892899}.Debug|Any CPU.ActiveCfg = Debug|Any CPU
		{34604676-CE4A-456D-8009-FA70EA892899}.Debug|Any CPU.Build.0 = Debug|Any CPU
		{34604676-CE4A-456D-8009-FA70EA892899}.Release|Any CPU.ActiveCfg = Release|Any CPU
		{34604676-CE4A-456D-8009-FA70EA892899}.Release|Any CPU.Build.0 = Release|Any CPU
		{031C5E1E-E615-4DA7-B7FC-0755824D7752}.Debug|Any CPU.ActiveCfg = Debug|Any CPU
		{031C5E1E-E615-4DA7-B7FC-0755824D7752}.Debug|Any CPU.Build.0 = Debug|Any CPU
		{031C5E1E-E615-4DA7-B7FC-0755824D7752}.Release|Any CPU.ActiveCfg = Release|Any CPU
		{031C5E1E-E615-4DA7-B7FC-0755824D7752}.Release|Any CPU.Build.0 = Release|Any CPU
	EndGlobalSection
	GlobalSection(SolutionProperties) = preSolution
		HideSolutionNode = FALSE
	EndGlobalSection
	GlobalSection(ExtensibilityGlobals) = postSolution
		SolutionGuid = {F2EE6466-8A8A-4E6C-A1C1-62335AB628A2}
	EndGlobalSection
EndGlobal
